
Microsoft Visual Studio Solution File, Format Version 12.00
# Visual Studio Version 17
VisualStudioVersion = 17.4.33205.214
MinimumVisualStudioVersion = 10.0.40219.1
Project("{FAE04EC0-301F-11D3-BF4B-00C04F79EFBC}") = "Arrays", "Arrays\Arrays.csproj", "{D9083BDF-6EB1-435B-A287-55A0D094FB84}"
EndProject
Global
	GlobalSection(SolutionConfigurationPlatforms) = preSolution
		Debug|Any CPU = Debug|Any CPU
		Release|Any CPU = Release|Any CPU
	EndGlobalSection
	GlobalSection(ProjectConfigurationPlatforms) = postSolution
		{D9083BDF-6EB1-435B-A287-55A0D094FB84}.Debug|Any CPU.ActiveCfg = Debug|Any CPU
		{D9083BDF-6EB1-435B-A287-55A0D094FB84}.Debug|Any CPU.Build.0 = Debug|Any CPU
		{D9083BDF-6EB1-435B-A287-55A0D094FB84}.Release|Any CPU.ActiveCfg = Release|Any CPU
		{D9083BDF-6EB1-435B-A287-55A0D094FB84}.Release|Any CPU.Build.0 = Release|Any CPU
	EndGlobalSection
	GlobalSection(SolutionProperties) = preSolution
		HideSolutionNode = FALSE
	EndGlobalSection
	GlobalSection(ExtensibilityGlobals) = postSolution
		SolutionGuid = {7CA94E08-3882-4030-BC5B-F96785749C80}
	EndGlobalSection
EndGlobal
