
Microsoft Visual Studio Solution File, Format Version 12.00
# Visual Studio Version 17
VisualStudioVersion = 17.4.33205.214
MinimumVisualStudioVersion = 10.0.40219.1
Project("{FAE04EC0-301F-11D3-BF4B-00C04F79EFBC}") = "creatingFunctions", "creatingFunctions\creatingFunctions.csproj", "{158D2CAA-FD65-4592-9A0A-9763FD18140D}"
EndProject
Global
	GlobalSection(SolutionConfigurationPlatforms) = preSolution
		Debug|Any CPU = Debug|Any CPU
		Release|Any CPU = Release|Any CPU
	EndGlobalSection
	GlobalSection(ProjectConfigurationPlatforms) = postSolution
		{158D2CAA-FD65-4592-9A0A-9763FD18140D}.Debug|Any CPU.ActiveCfg = Debug|Any CPU
		{158D2CAA-FD65-4592-9A0A-9763FD18140D}.Debug|Any CPU.Build.0 = Debug|Any CPU
		{158D2CAA-FD65-4592-9A0A-9763FD18140D}.Release|Any CPU.ActiveCfg = Release|Any CPU
		{158D2CAA-FD65-4592-9A0A-9763FD18140D}.Release|Any CPU.Build.0 = Release|Any CPU
	EndGlobalSection
	GlobalSection(SolutionProperties) = preSolution
		HideSolutionNode = FALSE
	EndGlobalSection
	GlobalSection(ExtensibilityGlobals) = postSolution
		SolutionGuid = {C5E50C4C-5D1C-4B53-BDB0-06329E85E32A}
	EndGlobalSection
EndGlobal
