
Microsoft Visual Studio Solution File, Format Version 12.00
# Visual Studio Version 17
VisualStudioVersion = 17.4.33205.214
MinimumVisualStudioVersion = 10.0.40219.1
Project("{FAE04EC0-301F-11D3-BF4B-00C04F79EFBC}") = "KararYapilari_If", "KararYapilari_If\KararYapilari_If.csproj", "{2D82C92D-2F07-4570-BC71-2E7E74539082}"
EndProject
Global
	GlobalSection(SolutionConfigurationPlatforms) = preSolution
		Debug|Any CPU = Debug|Any CPU
		Release|Any CPU = Release|Any CPU
	EndGlobalSection
	GlobalSection(ProjectConfigurationPlatforms) = postSolution
		{2D82C92D-2F07-4570-BC71-2E7E74539082}.Debug|Any CPU.ActiveCfg = Debug|Any CPU
		{2D82C92D-2F07-4570-BC71-2E7E74539082}.Debug|Any CPU.Build.0 = Debug|Any CPU
		{2D82C92D-2F07-4570-BC71-2E7E74539082}.Release|Any CPU.ActiveCfg = Release|Any CPU
		{2D82C92D-2F07-4570-BC71-2E7E74539082}.Release|Any CPU.Build.0 = Release|Any CPU
	EndGlobalSection
	GlobalSection(SolutionProperties) = preSolution
		HideSolutionNode = FALSE
	EndGlobalSection
	GlobalSection(ExtensibilityGlobals) = postSolution
		SolutionGuid = {1D42017C-5AD1-4D90-8116-705B67B27C97}
	EndGlobalSection
EndGlobal
