
Microsoft Visual Studio Solution File, Format Version 12.00
# Visual Studio Version 17
VisualStudioVersion = 17.4.33205.214
MinimumVisualStudioVersion = 10.0.40219.1
Project("{9A19103F-16F7-4668-BE54-9A1E7A4F7556}") = "ClassVSObject", "ClassVSObject\ClassVSObject.csproj", "{D23FEECE-C61C-4D22-9A4F-E53E8F7E6CE6}"
EndProject
Project("{9A19103F-16F7-4668-BE54-9A1E7A4F7556}") = "Encapsulation", "Encapsulation\Encapsulation.csproj", "{D890B7EF-67C4-424A-AFD7-7A87B6055CB9}"
EndProject
Project("{9A19103F-16F7-4668-BE54-9A1E7A4F7556}") = "Constructors", "Constructors\Constructors.csproj", "{2CB87DA3-2C47-486D-9782-1FF0B9328AA7}"
EndProject
Project("{FAE04EC0-301F-11D3-BF4B-00C04F79EFBC}") = "Polymorphism", "Polymorphism\Polymorphism.csproj", "{0862D09C-2A4A-4F81-A736-A14D8A778661}"
EndProject
Project("{FAE04EC0-301F-11D3-BF4B-00C04F79EFBC}") = "AbstractVSInterface", "AbstractVSInterface\AbstractVSInterface.csproj", "{B572AA61-7D87-4DDC-94C4-EF7CDED1F31B}"
EndProject
Global
	GlobalSection(SolutionConfigurationPlatforms) = preSolution
		Debug|Any CPU = Debug|Any CPU
		Release|Any CPU = Release|Any CPU
	EndGlobalSection
	GlobalSection(ProjectConfigurationPlatforms) = postSolution
		{D23FEECE-C61C-4D22-9A4F-E53E8F7E6CE6}.Debug|Any CPU.ActiveCfg = Debug|Any CPU
		{D23FEECE-C61C-4D22-9A4F-E53E8F7E6CE6}.Debug|Any CPU.Build.0 = Debug|Any CPU
		{D23FEECE-C61C-4D22-9A4F-E53E8F7E6CE6}.Release|Any CPU.ActiveCfg = Release|Any CPU
		{D23FEECE-C61C-4D22-9A4F-E53E8F7E6CE6}.Release|Any CPU.Build.0 = Release|Any CPU
		{D890B7EF-67C4-424A-AFD7-7A87B6055CB9}.Debug|Any CPU.ActiveCfg = Debug|Any CPU
		{D890B7EF-67C4-424A-AFD7-7A87B6055CB9}.Debug|Any CPU.Build.0 = Debug|Any CPU
		{D890B7EF-67C4-424A-AFD7-7A87B6055CB9}.Release|Any CPU.ActiveCfg = Release|Any CPU
		{D890B7EF-67C4-424A-AFD7-7A87B6055CB9}.Release|Any CPU.Build.0 = Release|Any CPU
		{2CB87DA3-2C47-486D-9782-1FF0B9328AA7}.Debug|Any CPU.ActiveCfg = Debug|Any CPU
		{2CB87DA3-2C47-486D-9782-1FF0B9328AA7}.Debug|Any CPU.Build.0 = Debug|Any CPU
		{2CB87DA3-2C47-486D-9782-1FF0B9328AA7}.Release|Any CPU.ActiveCfg = Release|Any CPU
		{2CB87DA3-2C47-486D-9782-1FF0B9328AA7}.Release|Any CPU.Build.0 = Release|Any CPU
		{0862D09C-2A4A-4F81-A736-A14D8A778661}.Debug|Any CPU.ActiveCfg = Debug|Any CPU
		{0862D09C-2A4A-4F81-A736-A14D8A778661}.Debug|Any CPU.Build.0 = Debug|Any CPU
		{0862D09C-2A4A-4F81-A736-A14D8A778661}.Release|Any CPU.ActiveCfg = Release|Any CPU
		{0862D09C-2A4A-4F81-A736-A14D8A778661}.Release|Any CPU.Build.0 = Release|Any CPU
		{B572AA61-7D87-4DDC-94C4-EF7CDED1F31B}.Debug|Any CPU.ActiveCfg = Debug|Any CPU
		{B572AA61-7D87-4DDC-94C4-EF7CDED1F31B}.Debug|Any CPU.Build.0 = Debug|Any CPU
		{B572AA61-7D87-4DDC-94C4-EF7CDED1F31B}.Release|Any CPU.ActiveCfg = Release|Any CPU
		{B572AA61-7D87-4DDC-94C4-EF7CDED1F31B}.Release|Any CPU.Build.0 = Release|Any CPU
	EndGlobalSection
	GlobalSection(SolutionProperties) = preSolution
		HideSolutionNode = FALSE
	EndGlobalSection
	GlobalSection(ExtensibilityGlobals) = postSolution
		SolutionGuid = {AE149A17-8BE3-405C-A5F7-CA0AC1E72674}
	EndGlobalSection
EndGlobal
