
Microsoft Visual Studio Solution File, Format Version 12.00
# Visual Studio Version 17
VisualStudioVersion = 17.4.33205.214
MinimumVisualStudioVersion = 10.0.40219.1
Project("{FAE04EC0-301F-11D3-BF4B-00C04F79EFBC}") = "AnonymousTypes", "AnonymousTypes\AnonymousTypes.csproj", "{424EA776-F692-4668-8205-8135916E6F35}"
EndProject
Project("{FAE04EC0-301F-11D3-BF4B-00C04F79EFBC}") = "ExtensionMethods", "ExtensionMethods\ExtensionMethods.csproj", "{50824139-E0BA-453B-ABF9-625D219CCB71}"
EndProject
Project("{FAE04EC0-301F-11D3-BF4B-00C04F79EFBC}") = "LINQ", "LINQ\LINQ.csproj", "{45107DBB-B246-465D-A662-72B22E7FC854}"
EndProject
Global
	GlobalSection(SolutionConfigurationPlatforms) = preSolution
		Debug|Any CPU = Debug|Any CPU
		Release|Any CPU = Release|Any CPU
	EndGlobalSection
	GlobalSection(ProjectConfigurationPlatforms) = postSolution
		{424EA776-F692-4668-8205-8135916E6F35}.Debug|Any CPU.ActiveCfg = Debug|Any CPU
		{424EA776-F692-4668-8205-8135916E6F35}.Debug|Any CPU.Build.0 = Debug|Any CPU
		{424EA776-F692-4668-8205-8135916E6F35}.Release|Any CPU.ActiveCfg = Release|Any CPU
		{424EA776-F692-4668-8205-8135916E6F35}.Release|Any CPU.Build.0 = Release|Any CPU
		{50824139-E0BA-453B-ABF9-625D219CCB71}.Debug|Any CPU.ActiveCfg = Debug|Any CPU
		{50824139-E0BA-453B-ABF9-625D219CCB71}.Debug|Any CPU.Build.0 = Debug|Any CPU
		{50824139-E0BA-453B-ABF9-625D219CCB71}.Release|Any CPU.ActiveCfg = Release|Any CPU
		{50824139-E0BA-453B-ABF9-625D219CCB71}.Release|Any CPU.Build.0 = Release|Any CPU
		{45107DBB-B246-465D-A662-72B22E7FC854}.Debug|Any CPU.ActiveCfg = Debug|Any CPU
		{45107DBB-B246-465D-A662-72B22E7FC854}.Debug|Any CPU.Build.0 = Debug|Any CPU
		{45107DBB-B246-465D-A662-72B22E7FC854}.Release|Any CPU.ActiveCfg = Release|Any CPU
		{45107DBB-B246-465D-A662-72B22E7FC854}.Release|Any CPU.Build.0 = Release|Any CPU
	EndGlobalSection
	GlobalSection(SolutionProperties) = preSolution
		HideSolutionNode = FALSE
	EndGlobalSection
	GlobalSection(ExtensibilityGlobals) = postSolution
		SolutionGuid = {4F6E87A8-A9E9-494D-B239-22EC36A90CDB}
	EndGlobalSection
EndGlobal
