
Microsoft Visual Studio Solution File, Format Version 12.00
# Visual Studio Version 17
VisualStudioVersion = 17.5.33516.290
MinimumVisualStudioVersion = 10.0.40219.1
Project("{2150E333-8FDC-42A3-9474-1A3956D46DE8}") = "src", "src", "{F219F40E-DAF9-462F-A851-B281B2C3C6AE}"
EndProject
Project("{2150E333-8FDC-42A3-9474-1A3956D46DE8}") = "webUI", "webUI", "{DE565097-5B10-4A0B-9853-44D1CBCBF96E}"
EndProject
Project("{FAE04EC0-301F-11D3-BF4B-00C04F79EFBC}") = "CourseApp.Mvc", "src\webUI\CourseApp.Mvc\CourseApp.Mvc.csproj", "{9F4C12D7-FF4F-49A9-871E-06389C1EDB1B}"
EndProject
Project("{2150E333-8FDC-42A3-9474-1A3956D46DE8}") = "Domains", "Domains", "{16588414-0B7C-4130-991E-D8007471F7F5}"
EndProject
Project("{9A19103F-16F7-4668-BE54-9A1E7A4F7556}") = "CourseApp.Entities", "src\Domain\CourseApp.Entities\CourseApp.Entities.csproj", "{5A2A67CA-FFEC-4985-9428-89DDDF21673D}"
EndProject
Project("{2150E333-8FDC-42A3-9474-1A3956D46DE8}") = "Application", "Application", "{B91A4027-BD33-4753-8638-4ABC3E1FFBA6}"
EndProject
Project("{FAE04EC0-301F-11D3-BF4B-00C04F79EFBC}") = "CourseApp.Services", "src\Application\CourseApp.Services\CourseApp.Services.csproj", "{C2DD7C4E-41CA-410D-8D6D-D0E3052103B3}"
EndProject
Project("{FAE04EC0-301F-11D3-BF4B-00C04F79EFBC}") = "CourseApp.DataTransferObjects", "src\Application\CourseApp.DataTransferObjects\CourseApp.DataTransferObjects.csproj", "{BC9D9D9F-ADD3-427E-965A-486073A63957}"
EndProject
Project("{2150E333-8FDC-42A3-9474-1A3956D46DE8}") = "Infrastructure", "Infrastructure", "{4A87126F-75BC-4105-91B8-217D6FE021FD}"
EndProject
Project("{FAE04EC0-301F-11D3-BF4B-00C04F79EFBC}") = "CourseApp.Infrastructure", "src\Infrastructure\CourseApp.Infrastructure\CourseApp.Infrastructure.csproj", "{E608AA82-3742-489C-913A-D86493DF9843}"
EndProject
Global
	GlobalSection(SolutionConfigurationPlatforms) = preSolution
		Debug|Any CPU = Debug|Any CPU
		Release|Any CPU = Release|Any CPU
	EndGlobalSection
	GlobalSection(ProjectConfigurationPlatforms) = postSolution
		{9F4C12D7-FF4F-49A9-871E-06389C1EDB1B}.Debug|Any CPU.ActiveCfg = Debug|Any CPU
		{9F4C12D7-FF4F-49A9-871E-06389C1EDB1B}.Debug|Any CPU.Build.0 = Debug|Any CPU
		{9F4C12D7-FF4F-49A9-871E-06389C1EDB1B}.Release|Any CPU.ActiveCfg = Release|Any CPU
		{9F4C12D7-FF4F-49A9-871E-06389C1EDB1B}.Release|Any CPU.Build.0 = Release|Any CPU
		{5A2A67CA-FFEC-4985-9428-89DDDF21673D}.Debug|Any CPU.ActiveCfg = Debug|Any CPU
		{5A2A67CA-FFEC-4985-9428-89DDDF21673D}.Debug|Any CPU.Build.0 = Debug|Any CPU
		{5A2A67CA-FFEC-4985-9428-89DDDF21673D}.Release|Any CPU.ActiveCfg = Release|Any CPU
		{5A2A67CA-FFEC-4985-9428-89DDDF21673D}.Release|Any CPU.Build.0 = Release|Any CPU
		{C2DD7C4E-41CA-410D-8D6D-D0E3052103B3}.Debug|Any CPU.ActiveCfg = Debug|Any CPU
		{C2DD7C4E-41CA-410D-8D6D-D0E3052103B3}.Debug|Any CPU.Build.0 = Debug|Any CPU
		{C2DD7C4E-41CA-410D-8D6D-D0E3052103B3}.Release|Any CPU.ActiveCfg = Release|Any CPU
		{C2DD7C4E-41CA-410D-8D6D-D0E3052103B3}.Release|Any CPU.Build.0 = Release|Any CPU
		{BC9D9D9F-ADD3-427E-965A-486073A63957}.Debug|Any CPU.ActiveCfg = Debug|Any CPU
		{BC9D9D9F-ADD3-427E-965A-486073A63957}.Debug|Any CPU.Build.0 = Debug|Any CPU
		{BC9D9D9F-ADD3-427E-965A-486073A63957}.Release|Any CPU.ActiveCfg = Release|Any CPU
		{BC9D9D9F-ADD3-427E-965A-486073A63957}.Release|Any CPU.Build.0 = Release|Any CPU
		{E608AA82-3742-489C-913A-D86493DF9843}.Debug|Any CPU.ActiveCfg = Debug|Any CPU
		{E608AA82-3742-489C-913A-D86493DF9843}.Debug|Any CPU.Build.0 = Debug|Any CPU
		{E608AA82-3742-489C-913A-D86493DF9843}.Release|Any CPU.ActiveCfg = Release|Any CPU
		{E608AA82-3742-489C-913A-D86493DF9843}.Release|Any CPU.Build.0 = Release|Any CPU
	EndGlobalSection
	GlobalSection(SolutionProperties) = preSolution
		HideSolutionNode = FALSE
	EndGlobalSection
	GlobalSection(NestedProjects) = preSolution
		{DE565097-5B10-4A0B-9853-44D1CBCBF96E} = {F219F40E-DAF9-462F-A851-B281B2C3C6AE}
		{9F4C12D7-FF4F-49A9-871E-06389C1EDB1B} = {DE565097-5B10-4A0B-9853-44D1CBCBF96E}
		{16588414-0B7C-4130-991E-D8007471F7F5} = {F219F40E-DAF9-462F-A851-B281B2C3C6AE}
		{5A2A67CA-FFEC-4985-9428-89DDDF21673D} = {16588414-0B7C-4130-991E-D8007471F7F5}
		{B91A4027-BD33-4753-8638-4ABC3E1FFBA6} = {F219F40E-DAF9-462F-A851-B281B2C3C6AE}
		{C2DD7C4E-41CA-410D-8D6D-D0E3052103B3} = {B91A4027-BD33-4753-8638-4ABC3E1FFBA6}
		{BC9D9D9F-ADD3-427E-965A-486073A63957} = {B91A4027-BD33-4753-8638-4ABC3E1FFBA6}
		{4A87126F-75BC-4105-91B8-217D6FE021FD} = {F219F40E-DAF9-462F-A851-B281B2C3C6AE}
		{E608AA82-3742-489C-913A-D86493DF9843} = {4A87126F-75BC-4105-91B8-217D6FE021FD}
	EndGlobalSection
	GlobalSection(ExtensibilityGlobals) = postSolution
		SolutionGuid = {7B459588-B4B2-43CF-86D9-12105299EBF0}
	EndGlobalSection
EndGlobal
