
Microsoft Visual Studio Solution File, Format Version 12.00
# Visual Studio Version 17
VisualStudioVersion = 17.4.33205.214
MinimumVisualStudioVersion = 10.0.40219.1
Project("{FAE04EC0-301F-11D3-BF4B-00C04F79EFBC}") = "whileLoop", "whileLoop\whileLoop.csproj", "{96AA8D45-CBF7-4E82-88EB-A1C669286B2F}"
EndProject
Global
	GlobalSection(SolutionConfigurationPlatforms) = preSolution
		Debug|Any CPU = Debug|Any CPU
		Release|Any CPU = Release|Any CPU
	EndGlobalSection
	GlobalSection(ProjectConfigurationPlatforms) = postSolution
		{96AA8D45-CBF7-4E82-88EB-A1C669286B2F}.Debug|Any CPU.ActiveCfg = Debug|Any CPU
		{96AA8D45-CBF7-4E82-88EB-A1C669286B2F}.Debug|Any CPU.Build.0 = Debug|Any CPU
		{96AA8D45-CBF7-4E82-88EB-A1C669286B2F}.Release|Any CPU.ActiveCfg = Release|Any CPU
		{96AA8D45-CBF7-4E82-88EB-A1C669286B2F}.Release|Any CPU.Build.0 = Release|Any CPU
	EndGlobalSection
	GlobalSection(SolutionProperties) = preSolution
		HideSolutionNode = FALSE
	EndGlobalSection
	GlobalSection(ExtensibilityGlobals) = postSolution
		SolutionGuid = {EE145086-747F-40C1-887B-08DC751E9352}
	EndGlobalSection
EndGlobal
