
Microsoft Visual Studio Solution File, Format Version 12.00
# Visual Studio Version 17
VisualStudioVersion = 17.4.33205.214
MinimumVisualStudioVersion = 10.0.40219.1
Project("{FAE04EC0-301F-11D3-BF4B-00C04F79EFBC}") = "intruceConcept", "intruceConcept\intruceConcept.csproj", "{CE53F913-6216-4E82-8C17-930C32623E0C}"
EndProject
Global
	GlobalSection(SolutionConfigurationPlatforms) = preSolution
		Debug|Any CPU = Debug|Any CPU
		Release|Any CPU = Release|Any CPU
	EndGlobalSection
	GlobalSection(ProjectConfigurationPlatforms) = postSolution
		{CE53F913-6216-4E82-8C17-930C32623E0C}.Debug|Any CPU.ActiveCfg = Debug|Any CPU
		{CE53F913-6216-4E82-8C17-930C32623E0C}.Debug|Any CPU.Build.0 = Debug|Any CPU
		{CE53F913-6216-4E82-8C17-930C32623E0C}.Release|Any CPU.ActiveCfg = Release|Any CPU
		{CE53F913-6216-4E82-8C17-930C32623E0C}.Release|Any CPU.Build.0 = Release|Any CPU
	EndGlobalSection
	GlobalSection(SolutionProperties) = preSolution
		HideSolutionNode = FALSE
	EndGlobalSection
	GlobalSection(ExtensibilityGlobals) = postSolution
		SolutionGuid = {B47217C4-88FE-4E81-A7AD-9A0A6EE1B0E6}
	EndGlobalSection
EndGlobal
