
Microsoft Visual Studio Solution File, Format Version 12.00
# Visual Studio Version 17
VisualStudioVersion = 17.5.33516.290
MinimumVisualStudioVersion = 10.0.40219.1
Project("{FAE04EC0-301F-11D3-BF4B-00C04F79EFBC}") = "FirstMVCApp", "FirstMVCApp\FirstMVCApp.csproj", "{807A8348-F15A-4935-91EF-E4DA88B708E4}"
EndProject
Global
	GlobalSection(SolutionConfigurationPlatforms) = preSolution
		Debug|Any CPU = Debug|Any CPU
		Release|Any CPU = Release|Any CPU
	EndGlobalSection
	GlobalSection(ProjectConfigurationPlatforms) = postSolution
		{807A8348-F15A-4935-91EF-E4DA88B708E4}.Debug|Any CPU.ActiveCfg = Debug|Any CPU
		{807A8348-F15A-4935-91EF-E4DA88B708E4}.Debug|Any CPU.Build.0 = Debug|Any CPU
		{807A8348-F15A-4935-91EF-E4DA88B708E4}.Release|Any CPU.ActiveCfg = Release|Any CPU
		{807A8348-F15A-4935-91EF-E4DA88B708E4}.Release|Any CPU.Build.0 = Release|Any CPU
	EndGlobalSection
	GlobalSection(SolutionProperties) = preSolution
		HideSolutionNode = FALSE
	EndGlobalSection
	GlobalSection(ExtensibilityGlobals) = postSolution
		SolutionGuid = {F3F7B3E1-3EAE-407A-8261-9B440E0FF5E7}
	EndGlobalSection
EndGlobal
