
Microsoft Visual Studio Solution File, Format Version 12.00
# Visual Studio Version 17
VisualStudioVersion = 17.4.33205.214
MinimumVisualStudioVersion = 10.0.40219.1
Project("{FAE04EC0-301F-11D3-BF4B-00C04F79EFBC}") = "VariablesAndTypes", "VariablesAndTypes\VariablesAndTypes.csproj", "{C3695FAF-F496-4180-83D1-AE78CF139C78}"
EndProject
Global
	GlobalSection(SolutionConfigurationPlatforms) = preSolution
		Debug|Any CPU = Debug|Any CPU
		Release|Any CPU = Release|Any CPU
	EndGlobalSection
	GlobalSection(ProjectConfigurationPlatforms) = postSolution
		{C3695FAF-F496-4180-83D1-AE78CF139C78}.Debug|Any CPU.ActiveCfg = Debug|Any CPU
		{C3695FAF-F496-4180-83D1-AE78CF139C78}.Debug|Any CPU.Build.0 = Debug|Any CPU
		{C3695FAF-F496-4180-83D1-AE78CF139C78}.Release|Any CPU.ActiveCfg = Release|Any CPU
		{C3695FAF-F496-4180-83D1-AE78CF139C78}.Release|Any CPU.Build.0 = Release|Any CPU
	EndGlobalSection
	GlobalSection(SolutionProperties) = preSolution
		HideSolutionNode = FALSE
	EndGlobalSection
	GlobalSection(ExtensibilityGlobals) = postSolution
		SolutionGuid = {1905EC5D-D444-4385-B4FA-6ED83F6F4EE7}
	EndGlobalSection
EndGlobal
