
Microsoft Visual Studio Solution File, Format Version 12.00
# Visual Studio Version 17
VisualStudioVersion = 17.4.33205.214
MinimumVisualStudioVersion = 10.0.40219.1
Project("{FAE04EC0-301F-11D3-BF4B-00C04F79EFBC}") = "CounterStrike", "CounterStrike\CounterStrike.csproj", "{9EB0D061-509C-4D39-B5B0-3EC566E95B6E}"
EndProject
Global
	GlobalSection(SolutionConfigurationPlatforms) = preSolution
		Debug|Any CPU = Debug|Any CPU
		Release|Any CPU = Release|Any CPU
	EndGlobalSection
	GlobalSection(ProjectConfigurationPlatforms) = postSolution
		{9EB0D061-509C-4D39-B5B0-3EC566E95B6E}.Debug|Any CPU.ActiveCfg = Debug|Any CPU
		{9EB0D061-509C-4D39-B5B0-3EC566E95B6E}.Debug|Any CPU.Build.0 = Debug|Any CPU
		{9EB0D061-509C-4D39-B5B0-3EC566E95B6E}.Release|Any CPU.ActiveCfg = Release|Any CPU
		{9EB0D061-509C-4D39-B5B0-3EC566E95B6E}.Release|Any CPU.Build.0 = Release|Any CPU
	EndGlobalSection
	GlobalSection(SolutionProperties) = preSolution
		HideSolutionNode = FALSE
	EndGlobalSection
	GlobalSection(ExtensibilityGlobals) = postSolution
		SolutionGuid = {C35487F3-D37E-4E6F-8219-3E5DE9A05EB2}
	EndGlobalSection
EndGlobal
